[ "gpb": {:git, "git://github.com/tomas-abrahamsson/gpb.git", "81afcb733a67660a644ca5ecf5fa14f617f8a8d4", [tag: "3.7.1"]},
  "meck": {:git, "git://github.com/eproxus/meck.git", "62265e4a89297b3415502351a35082933225d1af", [branch: "develop"]},
  "mock": {:git, "git://github.com/antp/mock.git", "c59361fceede463e5584412809ade6b4793c6a88", []},
  "protobuf": {:git, "git://github.com/antp/elixir-protobuf.git", "ebae5b9a6abdaac7bb04a3e2a137f58f84365d1c", []} ]
